// !$*UTF8*$!
{
	archiveVersion = 1;
	classes = {
	};
	objectVersion = 55;
	objects = {

/* Begin PBXBuildFile section */
		7E6E9F8C27FF291A00B048BA /* AppDelegate.swift in Sources */ = {isa = PBXBuildFile; fileRef = 7E6E9F8B27FF291A00B048BA /* AppDelegate.swift */; };
		7E6E9F8E27FF291A00B048BA /* SceneDelegate.swift in Sources */ = {isa = PBXBuildFile; fileRef = 7E6E9F8D27FF291A00B048BA /* SceneDelegate.swift */; };
		7E6E9F9027FF291A00B048BA /* ViewController.swift in Sources */ = {isa = PBXBuildFile; fileRef = 7E6E9F8F27FF291A00B048BA /* ViewController.swift */; };
		7E6E9F9327FF291A00B048BA /* Main.storyboard in Resources */ = {isa = PBXBuildFile; fileRef = 7E6E9F9127FF291A00B048BA /* Main.storyboard */; };
		7E6E9F9527FF291F00B048BA /* Assets.xcassets in Resources */ = {isa = PBXBuildFile; fileRef = 7E6E9F9427FF291F00B048BA /* Assets.xcassets */; };
		7E6E9F9827FF291F00B048BA /* LaunchScreen.storyboard in Resources */ = {isa = PBXBuildFile; fileRef = 7E6E9F9627FF291F00B048BA /* LaunchScreen.storyboard */; };
		7E6E9FA327FF292000B048BA /* PruebaTests.swift in Sources */ = {isa = PBXBuildFile; fileRef = 7E6E9FA227FF292000B048BA /* PruebaTests.swift */; };
		7E6E9FAD27FF292000B048BA /* PruebaUITests.swift in Sources */ = {isa = PBXBuildFile; fileRef = 7E6E9FAC27FF292000B048BA /* PruebaUITests.swift */; };
		7E6E9FAF27FF292000B048BA /* PruebaUITestsLaunchTests.swift in Sources */ = {isa = PBXBuildFile; fileRef = 7E6E9FAE27FF292000B048BA /* PruebaUITestsLaunchTests.swift */; };
/* End PBXBuildFile section */

/* Begin PBXContainerItemProxy section */
		7E6E9F9F27FF292000B048BA /* PBXContainerItemProxy */ = {
			isa = PBXContainerItemProxy;
			containerPortal = 7E6E9F8027FF291900B048BA /* Project object */;
			proxyType = 1;
			remoteGlobalIDString = 7E6E9F8727FF291900B048BA;
			remoteInfo = Prueba;
		};
		7E6E9FA927FF292000B048BA /* PBXContainerItemProxy */ = {
			isa = PBXContainerItemProxy;
			containerPortal = 7E6E9F8027FF291900B048BA /* Project object */;
			proxyType = 1;
			remoteGlobalIDString = 7E6E9F8727FF291900B048BA;
			remoteInfo = Prueba;
		};
/* End PBXContainerItemProxy section */

/* Begin PBXFileReference section */
		7E6E9F8827FF291900B048BA /* Prueba.app */ = {isa = PBXFileReference; explicitFileType = wrapper.application; includeInIndex = 0; path = Prueba.app; sourceTree = BUILT_PRODUCTS_DIR; };
		7E6E9F8B27FF291A00B048BA /* AppDelegate.swift */ = {isa = PBXFileReference; lastKnownFileType = sourcecode.swift; path = AppDelegate.swift; sourceTree = "<group>"; };
		7E6E9F8D27FF291A00B048BA /* SceneDelegate.swift */ = {isa = PBXFileReference; lastKnownFileType = sourcecode.swift; path = SceneDelegate.swift; sourceTree = "<group>"; };
		7E6E9F8F27FF291A00B048BA /* ViewController.swift */ = {isa = PBXFileReference; lastKnownFileType = sourcecode.swift; path = ViewController.swift; sourceTree = "<group>"; };
		7E6E9F9227FF291A00B048BA /* Base */ = {isa = PBXFileReference; lastKnownFileType = file.storyboard; name = Base; path = Base.lproj/Main.storyboard; sourceTree = "<group>"; };
		7E6E9F9427FF291F00B048BA /* Assets.xcassets */ = {isa = PBXFileReference; lastKnownFileType = folder.assetcatalog; path = Assets.xcassets; sourceTree = "<group>"; };
		7E6E9F9727FF291F00B048BA /* Base */ = {isa = PBXFileReference; lastKnownFileType = file.storyboard; name = Base; path = Base.lproj/LaunchScreen.storyboard; sourceTree = "<group>"; };
		7E6E9F9927FF291F00B048BA /* Info.plist */ = {isa = PBXFileReference; lastKnownFileType = text.plist.xml; path = Info.plist; sourceTree = "<group>"; };
		7E6E9F9E27FF292000B048BA /* PruebaTests.xctest */ = {isa = PBXFileReference; explicitFileType = wrapper.cfbundle; includeInIndex = 0; path = PruebaTests.xctest; sourceTree = BUILT_PRODUCTS_DIR; };
		7E6E9FA227FF292000B048BA /* PruebaTests.swift */ = {isa = PBXFileReference; lastKnownFileType = sourcecode.swift; path = PruebaTests.swift; sourceTree = "<group>"; };
		7E6E9FA827FF292000B048BA /* PruebaUITests.xctest */ = {isa = PBXFileReference; explicitFileType = wrapper.cfbundle; includeInIndex = 0; path = PruebaUITests.xctest; sourceTree = BUILT_PRODUCTS_DIR; };
		7E6E9FAC27FF292000B048BA /* PruebaUITests.swift */ = {isa = PBXFileReference; lastKnownFileType = sourcecode.swift; path = PruebaUITests.swift; sourceTree = "<group>"; };
		7E6E9FAE27FF292000B048BA /* PruebaUITestsLaunchTests.swift */ = {isa = PBXFileReference; lastKnownFileType = sourcecode.swift; path = PruebaUITestsLaunchTests.swift; sourceTree = "<group>"; };
/* End PBXFileReference section */

/* Begin PBXFrameworksBuildPhase section */
		7E6E9F8527FF291900B048BA /* Frameworks */ = {
			isa = PBXFrameworksBuildPhase;
			buildActionMask = 2147483647;
			files = (
			);
			runOnlyForDeploymentPostprocessing = 0;
		};
		7E6E9F9B27FF292000B048BA /* Frameworks */ = {
			isa = PBXFrameworksBuildPhase;
			buildActionMask = 2147483647;
			files = (
			);
			runOnlyForDeploymentPostprocessing = 0;
		};
		7E6E9FA527FF292000B048BA /* Frameworks */ = {
			isa = PBXFrameworksBuildPhase;
			buildActionMask = 2147483647;
			files = (
			);
			runOnlyForDeploymentPostprocessing = 0;
		};
/* End PBXFrameworksBuildPhase section */

/* Begin PBXGroup section */
		7E6E9F7F27FF291900B048BA = {
			isa = PBXGroup;
			children = (
				7E6E9F8A27FF291A00B048BA /* Prueba */,
				7E6E9FA127FF292000B048BA /* PruebaTests */,
				7E6E9FAB27FF292000B048BA /* PruebaUITests */,
				7E6E9F8927FF291A00B048BA /* Products */,
			);
			sourceTree = "<group>";
		};
		7E6E9F8927FF291A00B048BA /* Products */ = {
			isa = PBXGroup;
			children = (
				7E6E9F8827FF291900B048BA /* Prueba.app */,
				7E6E9F9E27FF292000B048BA /* PruebaTests.xctest */,
				7E6E9FA827FF292000B048BA /* PruebaUITests.xctest */,
			);
			name = Products;
			sourceTree = "<group>";
		};
		7E6E9F8A27FF291A00B048BA /* Prueba */ = {
			isa = PBXGroup;
			children = (
				7E6E9F8B27FF291A00B048BA /* AppDelegate.swift */,
				7E6E9F8D27FF291A00B048BA /* SceneDelegate.swift */,
				7E6E9F8F27FF291A00B048BA /* ViewController.swift */,
				7E6E9F9127FF291A00B048BA /* Main.storyboard */,
				7E6E9F9427FF291F00B048BA /* Assets.xcassets */,
				7E6E9F9627FF291F00B048BA /* LaunchScreen.storyboard */,
				7E6E9F9927FF291F00B048BA /* Info.plist */,
			);
			path = Prueba;
			sourceTree = "<group>";
		};
		7E6E9FA127FF292000B048BA /* PruebaTests */ = {
			isa = PBXGroup;
			children = (
				7E6E9FA227FF292000B048BA /* PruebaTests.swift */,
			);
			path = PruebaTests;
			sourceTree = "<group>";
		};
		7E6E9FAB27FF292000B048BA /* PruebaUITests */ = {
			isa = PBXGroup;
			children = (
				7E6E9FAC27FF292000B048BA /* PruebaUITests.swift */,
				7E6E9FAE27FF292000B048BA /* PruebaUITestsLaunchTests.swift */,
			);
			path = PruebaUITests;
			sourceTree = "<group>";
		};
/* End PBXGroup section */

/* Begin PBXNativeTarget section */
		7E6E9F8727FF291900B048BA /* Prueba */ = {
			isa = PBXNativeTarget;
			buildConfigurationList = 7E6E9FB227FF292000B048BA /* Build configuration list for PBXNativeTarget "Prueba" */;
			buildPhases = (
				7E6E9F8427FF291900B048BA /* Sources */,
				7E6E9F8527FF291900B048BA /* Frameworks */,
				7E6E9F8627FF291900B048BA /* Resources */,
			);
			buildRules = (
			);
			dependencies = (
			);
			name = Prueba;
			productName = Prueba;
			productReference = 7E6E9F8827FF291900B048BA /* Prueba.app */;
			productType = "com.apple.product-type.application";
		};
		7E6E9F9D27FF292000B048BA /* PruebaTests */ = {
			isa = PBXNativeTarget;
			buildConfigurationList = 7E6E9FB527FF292000B048BA /* Build configuration list for PBXNativeTarget "PruebaTests" */;
			buildPhases = (
				7E6E9F9A27FF292000B048BA /* Sources */,
				7E6E9F9B27FF292000B048BA /* Frameworks */,
				7E6E9F9C27FF292000B048BA /* Resources */,
			);
			buildRules = (
			);
			dependencies = (
				7E6E9FA027FF292000B048BA /* PBXTargetDependency */,
			);
			name = PruebaTests;
			productName = PruebaTests;
			productReference = 7E6E9F9E27FF292000B048BA /* PruebaTests.xctest */;
			productType = "com.apple.product-type.bundle.unit-test";
		};
		7E6E9FA727FF292000B048BA /* PruebaUITests */ = {
			isa = PBXNativeTarget;
			buildConfigurationList = 7E6E9FB827FF292000B048BA /* Build configuration list for PBXNativeTarget "PruebaUITests" */;
			buildPhases = (
				7E6E9FA427FF292000B048BA /* Sources */,
				7E6E9FA527FF292000B048BA /* Frameworks */,
				7E6E9FA627FF292000B048BA /* Resources */,
			);
			buildRules = (
			);
			dependencies = (
				7E6E9FAA27FF292000B048BA /* PBXTargetDependency */,
			);
			name = PruebaUITests;
			productName = PruebaUITests;
			productReference = 7E6E9FA827FF292000B048BA /* PruebaUITests.xctest */;
			productType = "com.apple.product-type.bundle.ui-testing";
		};
/* End PBXNativeTarget section */

/* Begin PBXProject section */
		7E6E9F8027FF291900B048BA /* Project object */ = {
			isa = PBXProject;
			attributes = {
				BuildIndependentTargetsInParallel = 1;
				LastSwiftUpdateCheck = 1330;
				LastUpgradeCheck = 1330;
				TargetAttributes = {
					7E6E9F8727FF291900B048BA = {
						CreatedOnToolsVersion = 13.3;
					};
					7E6E9F9D27FF292000B048BA = {
						CreatedOnToolsVersion = 13.3;
						TestTargetID = 7E6E9F8727FF291900B048BA;
					};
					7E6E9FA727FF292000B048BA = {
						CreatedOnToolsVersion = 13.3;
						TestTargetID = 7E6E9F8727FF291900B048BA;
					};
				};
			};
			buildConfigurationList = 7E6E9F8327FF291900B048BA /* Build configuration list for PBXProject "Prueba" */;
			compatibilityVersion = "Xcode 13.0";
			developmentRegion = en;
			hasScannedForEncodings = 0;
			knownRegions = (
				en,
				Base,
			);
			mainGroup = 7E6E9F7F27FF291900B048BA;
			productRefGroup = 7E6E9F8927FF291A00B048BA /* Products */;
			projectDirPath = "";
			projectRoot = "";
			targets = (
				7E6E9F8727FF291900B048BA /* Prueba */,
				7E6E9F9D27FF292000B048BA /* PruebaTests */,
				7E6E9FA727FF292000B048BA /* PruebaUITests */,
			);
		};
/* End PBXProject section */

/* Begin PBXResourcesBuildPhase section */
		7E6E9F8627FF291900B048BA /* Resources */ = {
			isa = PBXResourcesBuildPhase;
			buildActionMask = 2147483647;
			files = (
				7E6E9F9827FF291F00B048BA /* LaunchScreen.storyboard in Resources */,
				7E6E9F9527FF291F00B048BA /* Assets.xcassets in Resources */,
				7E6E9F9327FF291A00B048BA /* Main.storyboard in Resources */,
			);
			runOnlyForDeploymentPostprocessing = 0;
		};
		7E6E9F9C27FF292000B048BA /* Resources */ = {
			isa = PBXResourcesBuildPhase;
			buildActionMask = 2147483647;
			files = (
			);
			runOnlyForDeploymentPostprocessing = 0;
		};
		7E6E9FA627FF292000B048BA /* Resources */ = {
			isa = PBXResourcesBuildPhase;
			buildActionMask = 2147483647;
			files = (
			);
			runOnlyForDeploymentPostprocessing = 0;
		};
/* End PBXResourcesBuildPhase section */

/* Begin PBXSourcesBuildPhase section */
		7E6E9F8427FF291900B048BA /* Sources */ = {
			isa = PBXSourcesBuildPhase;
			buildActionMask = 2147483647;
			files = (
				7E6E9F9027FF291A00B048BA /* ViewController.swift in Sources */,
				7E6E9F8C27FF291A00B048BA /* AppDelegate.swift in Sources */,
				7E6E9F8E27FF291A00B048BA /* SceneDelegate.swift in Sources */,
			);
			runOnlyForDeploymentPostprocessing = 0;
		};
		7E6E9F9A27FF292000B048BA /* Sources */ = {
			isa = PBXSourcesBuildPhase;
			buildActionMask = 2147483647;
			files = (
				7E6E9FA327FF292000B048BA /* PruebaTests.swift in Sources */,
			);
			runOnlyForDeploymentPostprocessing = 0;
		};
		7E6E9FA427FF292000B048BA /* Sources */ = {
			isa = PBXSourcesBuildPhase;
			buildActionMask = 2147483647;
			files = (
				7E6E9FAD27FF292000B048BA /* PruebaUITests.swift in Sources */,
				7E6E9FAF27FF292000B048BA /* PruebaUITestsLaunchTests.swift in Sources */,
			);
			runOnlyForDeploymentPostprocessing = 0;
		};
/* End PBXSourcesBuildPhase section */

/* Begin PBXTargetDependency section */
		7E6E9FA027FF292000B048BA /* PBXTargetDependency */ = {
			isa = PBXTargetDependency;
			target = 7E6E9F8727FF291900B048BA /* Prueba */;
			targetProxy = 7E6E9F9F27FF292000B048BA /* PBXContainerItemProxy */;
		};
		7E6E9FAA27FF292000B048BA /* PBXTargetDependency */ = {
			isa = PBXTargetDependency;
			target = 7E6E9F8727FF291900B048BA /* Prueba */;
			targetProxy = 7E6E9FA927FF292000B048BA /* PBXContainerItemProxy */;
		};
/* End PBXTargetDependency section */

/* Begin PBXVariantGroup section */
		7E6E9F9127FF291A00B048BA /* Main.storyboard */ = {
			isa = PBXVariantGroup;
			children = (
				7E6E9F9227FF291A00B048BA /* Base */,
			);
			name = Main.storyboard;
			sourceTree = "<group>";
		};
		7E6E9F9627FF291F00B048BA /* LaunchScreen.storyboard */ = {
			isa = PBXVariantGroup;
			children = (
				7E6E9F9727FF291F00B048BA /* Base */,
			);
			name = LaunchScreen.storyboard;
			sourceTree = "<group>";
		};
/* End PBXVariantGroup section */

/* Begin XCBuildConfiguration section */
		7E6E9FB027FF292000B048BA /* Debug */ = {
			isa = XCBuildConfiguration;
			buildSettings = {
				ALWAYS_SEARCH_USER_PATHS = NO;
				CLANG_ANALYZER_NONNULL = YES;
				CLANG_ANALYZER_NUMBER_OBJECT_CONVERSION = YES_AGGRESSIVE;
				CLANG_CXX_LANGUAGE_STANDARD = "gnu++17";
				CLANG_ENABLE_MODULES = YES;
				CLANG_ENABLE_OBJC_ARC = YES;
				CLANG_ENABLE_OBJC_WEAK = YES;
				CLANG_WARN_BLOCK_CAPTURE_AUTORELEASING = YES;
				CLANG_WARN_BOOL_CONVERSION = YES;
				CLANG_WARN_COMMA = YES;
				CLANG_WARN_CONSTANT_CONVERSION = YES;
				CLANG_WARN_DEPRECATED_OBJC_IMPLEMENTATIONS = YES;
				CLANG_WARN_DIRECT_OBJC_ISA_USAGE = YES_ERROR;
				CLANG_WARN_DOCUMENTATION_COMMENTS = YES;
				CLANG_WARN_EMPTY_BODY = YES;
				CLANG_WARN_ENUM_CONVERSION = YES;
				CLANG_WARN_INFINITE_RECURSION = YES;
				CLANG_WARN_INT_CONVERSION = YES;
				CLANG_WARN_NON_LITERAL_NULL_CONVERSION = YES;
				CLANG_WARN_OBJC_IMPLICIT_RETAIN_SELF = YES;
				CLANG_WARN_OBJC_LITERAL_CONVERSION = YES;
				CLANG_WARN_OBJC_ROOT_CLASS = YES_ERROR;
				CLANG_WARN_QUOTED_INCLUDE_IN_FRAMEWORK_HEADER = YES;
				CLANG_WARN_RANGE_LOOP_ANALYSIS = YES;
				CLANG_WARN_STRICT_PROTOTYPES = YES;
				CLANG_WARN_SUSPICIOUS_MOVE = YES;
				CLANG_WARN_UNGUARDED_AVAILABILITY = YES_AGGRESSIVE;
				CLANG_WARN_UNREACHABLE_CODE = YES;
				CLANG_WARN__DUPLICATE_METHOD_MATCH = YES;
				COPY_PHASE_STRIP = NO;
				DEBUG_INFORMATION_FORMAT = dwarf;
				ENABLE_STRICT_OBJC_MSGSEND = YES;
				ENABLE_TESTABILITY = YES;
				GCC_C_LANGUAGE_STANDARD = gnu11;
				GCC_DYNAMIC_NO_PIC = NO;
				GCC_NO_COMMON_BLOCKS = YES;
				GCC_OPTIMIZATION_LEVEL = 0;
				GCC_PREPROCESSOR_DEFINITIONS = (
					"DEBUG=1",
					"$(inherited)",
				);
				GCC_WARN_64_TO_32_BIT_CONVERSION = YES;
				GCC_WARN_ABOUT_RETURN_TYPE = YES_ERROR;
				GCC_WARN_UNDECLARED_SELECTOR = YES;
				GCC_WARN_UNINITIALIZED_AUTOS = YES_AGGRESSIVE;
				GCC_WARN_UNUSED_FUNCTION = YES;
				GCC_WARN_UNUSED_VARIABLE = YES;
				IPHONEOS_DEPLOYMENT_TARGET = 15.4;
				MTL_ENABLE_DEBUG_INFO = INCLUDE_SOURCE;
				MTL_FAST_MATH = YES;
				ONLY_ACTIVE_ARCH = YES;
				SDKROOT = iphoneos;
				SWIFT_ACTIVE_COMPILATION_CONDITIONS = DEBUG;
				SWIFT_OPTIMIZATION_LEVEL = "-Onone";
			};
			name = Debug;
		};
		7E6E9FB127FF292000B048BA /* Release */ = {
			isa = XCBuildConfiguration;
			buildSettings = {
				ALWAYS_SEARCH_USER_PATHS = NO;
				CLANG_ANALYZER_NONNULL = YES;
				CLANG_ANALYZER_NUMBER_OBJECT_CONVERSION = YES_AGGRESSIVE;
				CLANG_CXX_LANGUAGE_STANDARD = "gnu++17";
				CLANG_ENABLE_MODULES = YES;
				CLANG_ENABLE_OBJC_ARC = YES;
				CLANG_ENABLE_OBJC_WEAK = YES;
				CLANG_WARN_BLOCK_CAPTURE_AUTORELEASING = YES;
				CLANG_WARN_BOOL_CONVERSION = YES;
				CLANG_WARN_COMMA = YES;
				CLANG_WARN_CONSTANT_CONVERSION = YES;
				CLANG_WARN_DEPRECATED_OBJC_IMPLEMENTATIONS = YES;
				CLANG_WARN_DIRECT_OBJC_ISA_USAGE = YES_ERROR;
				CLANG_WARN_DOCUMENTATION_COMMENTS = YES;
				CLANG_WARN_EMPTY_BODY = YES;
				CLANG_WARN_ENUM_CONVERSION = YES;
				CLANG_WARN_INFINITE_RECURSION = YES;
				CLANG_WARN_INT_CONVERSION = YES;
				CLANG_WARN_NON_LITERAL_NULL_CONVERSION = YES;
				CLANG_WARN_OBJC_IMPLICIT_RETAIN_SELF = YES;
				CLANG_WARN_OBJC_LITERAL_CONVERSION = YES;
				CLANG_WARN_OBJC_ROOT_CLASS = YES_ERROR;
				CLANG_WARN_QUOTED_INCLUDE_IN_FRAMEWORK_HEADER = YES;
				CLANG_WARN_RANGE_LOOP_ANALYSIS = YES;
				CLANG_WARN_STRICT_PROTOTYPES = YES;
				CLANG_WARN_SUSPICIOUS_MOVE = YES;
				CLANG_WARN_UNGUARDED_AVAILABILITY = YES_AGGRESSIVE;
				CLANG_WARN_UNREACHABLE_CODE = YES;
				CLANG_WARN__DUPLICATE_METHOD_MATCH = YES;
				COPY_PHASE_STRIP = NO;
				DEBUG_INFORMATION_FORMAT = "dwarf-with-dsym";
				ENABLE_NS_ASSERTIONS = NO;
				ENABLE_STRICT_OBJC_MSGSEND = YES;
				GCC_C_LANGUAGE_STANDARD = gnu11;
				GCC_NO_COMMON_BLOCKS = YES;
				GCC_WARN_64_TO_32_BIT_CONVERSION = YES;
				GCC_WARN_ABOUT_RETURN_TYPE = YES_ERROR;
				GCC_WARN_UNDECLARED_SELECTOR = YES;
				GCC_WARN_UNINITIALIZED_AUTOS = YES_AGGRESSIVE;
				GCC_WARN_UNUSED_FUNCTION = YES;
				GCC_WARN_UNUSED_VARIABLE = YES;
				IPHONEOS_DEPLOYMENT_TARGET = 15.4;
				MTL_ENABLE_DEBUG_INFO = NO;
				MTL_FAST_MATH = YES;
				SDKROOT = iphoneos;
				SWIFT_COMPILATION_MODE = wholemodule;
				SWIFT_OPTIMIZATION_LEVEL = "-O";
				VALIDATE_PRODUCT = YES;
			};
			name = Release;
		};
		7E6E9FB327FF292000B048BA /* Debug */ = {
			isa = XCBuildConfiguration;
			buildSettings = {
				ASSETCATALOG_COMPILER_APPICON_NAME = AppIcon;
				ASSETCATALOG_COMPILER_GLOBAL_ACCENT_COLOR_NAME = AccentColor;
				CODE_SIGN_STYLE = Automatic;
				CURRENT_PROJECT_VERSION = 1;
				DEVELOPMENT_TEAM = 96J3Y3AD2W;
				GENERATE_INFOPLIST_FILE = YES;
				INFOPLIST_FILE = Prueba/Info.plist;
				INFOPLIST_KEY_UIApplicationSupportsIndirectInputEvents = YES;
				INFOPLIST_KEY_UILaunchStoryboardName = LaunchScreen;
				INFOPLIST_KEY_UIMainStoryboardFile = Main;
				INFOPLIST_KEY_UISupportedInterfaceOrientations_iPad = "UIInterfaceOrientationPortrait UIInterfaceOrientationPortraitUpsideDown UIInterfaceOrientationLandscapeLeft UIInterfaceOrientationLandscapeRight";
				INFOPLIST_KEY_UISupportedInterfaceOrientations_iPhone = "UIInterfaceOrientationPortrait UIInterfaceOrientationLandscapeLeft UIInterfaceOrientationLandscapeRight";
				LD_RUNPATH_SEARCH_PATHS = (
					"$(inherited)",
					"@executable_path/Frameworks",
				);
				MARKETING_VERSION = 1.0;
				PRODUCT_BUNDLE_IDENTIFIER = me.samuelvelez.Prueba;
				PRODUCT_NAME = "$(TARGET_NAME)";
				SWIFT_EMIT_LOC_STRINGS = YES;
				SWIFT_VERSION = 5.0;
				TARGETED_DEVICE_FAMILY = "1,2";
			};
			name = Debug;
		};
		7E6E9FB427FF292000B048BA /* Release */ = {
			isa = XCBuildConfiguration;
			buildSettings = {
				ASSETCATALOG_COMPILER_APPICON_NAME = AppIcon;
				ASSETCATALOG_COMPILER_GLOBAL_ACCENT_COLOR_NAME = AccentColor;
				CODE_SIGN_STYLE = Automatic;
				CURRENT_PROJECT_VERSION = 1;
				DEVELOPMENT_TEAM = 96J3Y3AD2W;
				GENERATE_INFOPLIST_FILE = YES;
				INFOPLIST_FILE = Prueba/Info.plist;
				INFOPLIST_KEY_UIApplicationSupportsIndirectInputEvents = YES;
				INFOPLIST_KEY_UILaunchStoryboardName = LaunchScreen;
				INFOPLIST_KEY_UIMainStoryboardFile = Main;
				INFOPLIST_KEY_UISupportedInterfaceOrientations_iPad = "UIInterfaceOrientationPortrait UIInterfaceOrientationPortraitUpsideDown UIInterfaceOrientationLandscapeLeft UIInterfaceOrientationLandscapeRight";
				INFOPLIST_KEY_UISupportedInterfaceOrientations_iPhone = "UIInterfaceOrientationPortrait UIInterfaceOrientationLandscapeLeft UIInterfaceOrientationLandscapeRight";
				LD_RUNPATH_SEARCH_PATHS = (
					"$(inherited)",
					"@executable_path/Frameworks",
				);
				MARKETING_VERSION = 1.0;
				PRODUCT_BUNDLE_IDENTIFIER = me.samuelvelez.Prueba;
				PRODUCT_NAME = "$(TARGET_NAME)";
				SWIFT_EMIT_LOC_STRINGS = YES;
				SWIFT_VERSION = 5.0;
				TARGETED_DEVICE_FAMILY = "1,2";
			};
			name = Release;
		};
		7E6E9FB627FF292000B048BA /* Debug */ = {
			isa = XCBuildConfiguration;
			buildSettings = {
				ALWAYS_EMBED_SWIFT_STANDARD_LIBRARIES = YES;
				BUNDLE_LOADER = "$(TEST_HOST)";
				CODE_SIGN_STYLE = Automatic;
				CURRENT_PROJECT_VERSION = 1;
				DEVELOPMENT_TEAM = 96J3Y3AD2W;
				GENERATE_INFOPLIST_FILE = YES;
				IPHONEOS_DEPLOYMENT_TARGET = 15.4;
				MARKETING_VERSION = 1.0;
				PRODUCT_BUNDLE_IDENTIFIER = me.samuelvelez.PruebaTests;
				PRODUCT_NAME = "$(TARGET_NAME)";
				SWIFT_EMIT_LOC_STRINGS = NO;
				SWIFT_VERSION = 5.0;
				TARGETED_DEVICE_FAMILY = "1,2";
				TEST_HOST = "$(BUILT_PRODUCTS_DIR)/Prueba.app/Prueba";
			};
			name = Debug;
		};
		7E6E9FB727FF292000B048BA /* Release */ = {
			isa = XCBuildConfiguration;
			buildSettings = {
				ALWAYS_EMBED_SWIFT_STANDARD_LIBRARIES = YES;
				BUNDLE_LOADER = "$(TEST_HOST)";
				CODE_SIGN_STYLE = Automatic;
				CURRENT_PROJECT_VERSION = 1;
				DEVELOPMENT_TEAM = 96J3Y3AD2W;
				GENERATE_INFOPLIST_FILE = YES;
				IPHONEOS_DEPLOYMENT_TARGET = 15.4;
				MARKETING_VERSION = 1.0;
				PRODUCT_BUNDLE_IDENTIFIER = me.samuelvelez.PruebaTests;
				PRODUCT_NAME = "$(TARGET_NAME)";
				SWIFT_EMIT_LOC_STRINGS = NO;
				SWIFT_VERSION = 5.0;
				TARGETED_DEVICE_FAMILY = "1,2";
				TEST_HOST = "$(BUILT_PRODUCTS_DIR)/Prueba.app/Prueba";
			};
			name = Release;
		};
		7E6E9FB927FF292000B048BA /* Debug */ = {
			isa = XCBuildConfiguration;
			buildSettings = {
				ALWAYS_EMBED_SWIFT_STANDARD_LIBRARIES = YES;
				CODE_SIGN_STYLE = Automatic;
				CURRENT_PROJECT_VERSION = 1;
				DEVELOPMENT_TEAM = 96J3Y3AD2W;
				GENERATE_INFOPLIST_FILE = YES;
				MARKETING_VERSION = 1.0;
				PRODUCT_BUNDLE_IDENTIFIER = me.samuelvelez.PruebaUITests;
				PRODUCT_NAME = "$(TARGET_NAME)";
				SWIFT_EMIT_LOC_STRINGS = NO;
				SWIFT_VERSION = 5.0;
				TARGETED_DEVICE_FAMILY = "1,2";
				TEST_TARGET_NAME = Prueba;
			};
			name = Debug;
		};
		7E6E9FBA27FF292000B048BA /* Release */ = {
			isa = XCBuildConfiguration;
			buildSettings = {
				ALWAYS_EMBED_SWIFT_STANDARD_LIBRARIES = YES;
				CODE_SIGN_STYLE = Automatic;
				CURRENT_PROJECT_VERSION = 1;
				DEVELOPMENT_TEAM = 96J3Y3AD2W;
				GENERATE_INFOPLIST_FILE = YES;
				MARKETING_VERSION = 1.0;
				PRODUCT_BUNDLE_IDENTIFIER = me.samuelvelez.PruebaUITests;
				PRODUCT_NAME = "$(TARGET_NAME)";
				SWIFT_EMIT_LOC_STRINGS = NO;
				SWIFT_VERSION = 5.0;
				TARGETED_DEVICE_FAMILY = "1,2";
				TEST_TARGET_NAME = Prueba;
			};
			name = Release;
		};
/* End XCBuildConfiguration section */

/* Begin XCConfigurationList section */
		7E6E9F8327FF291900B048BA /* Build configuration list for PBXProject "Prueba" */ = {
			isa = XCConfigurationList;
			buildConfigurations = (
				7E6E9FB027FF292000B048BA /* Debug */,
				7E6E9FB127FF292000B048BA /* Release */,
			);
			defaultConfigurationIsVisible = 0;
			defaultConfigurationName = Release;
		};
		7E6E9FB227FF292000B048BA /* Build configuration list for PBXNativeTarget "Prueba" */ = {
			isa = XCConfigurationList;
			buildConfigurations = (
				7E6E9FB327FF292000B048BA /* Debug */,
				7E6E9FB427FF292000B048BA /* Release */,
			);
			defaultConfigurationIsVisible = 0;
			defaultConfigurationName = Release;
		};
		7E6E9FB527FF292000B048BA /* Build configuration list for PBXNativeTarget "PruebaTests" */ = {
			isa = XCConfigurationList;
			buildConfigurations = (
				7E6E9FB627FF292000B048BA /* Debug */,
				7E6E9FB727FF292000B048BA /* Release */,
			);
			defaultConfigurationIsVisible = 0;
			defaultConfigurationName = Release;
		};
		7E6E9FB827FF292000B048BA /* Build configuration list for PBXNativeTarget "PruebaUITests" */ = {
			isa = XCConfigurationList;
			buildConfigurations = (
				7E6E9FB927FF292000B048BA /* Debug */,
				7E6E9FBA27FF292000B048BA /* Release */,
			);
			defaultConfigurationIsVisible = 0;
			defaultConfigurationName = Release;
		};
/* End XCConfigurationList section */
	};
	rootObject = 7E6E9F8027FF291900B048BA /* Project object */;
}
